# THIS IS AN AUTOGENERATED FILE. DO NOT EDIT THIS FILE DIRECTLY.
# yarn lockfile v1


popper.js@^1.0.2, popper.js@^1.0.8:
  version "1.0.8"
  resolved "https://registry.yarnpkg.com/popper.js/-/popper.js-1.0.8.tgz#05c2cb34fdf78af99eb33337605a1384fbaffa32"

tooltip.js@^1.0.5:
  version "1.0.5"
  resolved "https://registry.yarnpkg.com/tooltip.js/-/tooltip.js-1.0.5.tgz#afb6753f38b94ee4e108df8be39d69141087fb4b"
  dependencies:
    popper.js "^1.0.2"
